
Microsoft Visual Studio Solution File, Format Version 12.00
# Visual Studio Version 17
VisualStudioVersion = 17.2.32519.379
MinimumVisualStudioVersion = 10.0.40219.1
Project("{FAE04EC0-301F-11D3-BF4B-00C04F79EFBC}") = "TestUsingSelenium.Test", "TestUsingSelenium.Test\TestUsingSelenium.Test.csproj", "{A7633306-FAB4-4932-A44F-F5909EF00D25}"
EndProject
Global
	GlobalSection(SolutionConfigurationPlatforms) = preSolution
		Debug|Any CPU = Debug|Any CPU
		Release|Any CPU = Release|Any CPU
	EndGlobalSection
	GlobalSection(ProjectConfigurationPlatforms) = postSolution
		{A7633306-FAB4-4932-A44F-F5909EF00D25}.Debug|Any CPU.ActiveCfg = Debug|Any CPU
		{A7633306-FAB4-4932-A44F-F5909EF00D25}.Debug|Any CPU.Build.0 = Debug|Any CPU
		{A7633306-FAB4-4932-A44F-F5909EF00D25}.Release|Any CPU.ActiveCfg = Release|Any CPU
		{A7633306-FAB4-4932-A44F-F5909EF00D25}.Release|Any CPU.Build.0 = Release|Any CPU
	EndGlobalSection
	GlobalSection(SolutionProperties) = preSolution
		HideSolutionNode = FALSE
	EndGlobalSection
	GlobalSection(ExtensibilityGlobals) = postSolution
		SolutionGuid = {61C802D7-0436-48AA-9E5F-747317BF7A0B}
	EndGlobalSection
EndGlobal
